// !$*UTF8*$!
{
	archiveVersion = 1;
	classes = {
	};
	objectVersion = 77;
	objects = {

/* Begin PBXBuildFile section */
		9D8DD7AD2D30423200F4A123 /* AudioManager.swift in Sources */ = {isa = PBXBuildFile; fileRef = 9D8DD7AA2D303B8F00F4A123 /* AudioManager.swift */; };
		9D8DD7AE2D30428D00F4A123 /* SessionView.swift in Sources */ = {isa = PBXBuildFile; fileRef = 9D8DD7AC2D303F9E00F4A123 /* SessionView.swift */; };
		9D8DD7B22D305A2D00F4A123 /* lucid_dream.mp3 in Resources */ = {isa = PBXBuildFile; fileRef = 9D8DD7B12D305A2D00F4A123 /* lucid_dream.mp3 */; };
		9D8DD7B32D305A2D00F4A123 /* hangover_cure.mp3 in Resources */ = {isa = PBXBuildFile; fileRef = 9D8DD7B02D305A2D00F4A123 /* hangover_cure.mp3 */; };
		9D8DD7B52D30609B00F4A123 /* HomeView.swift in Sources */ = {isa = PBXBuildFile; fileRef = 9D8DD7B42D30609500F4A123 /* HomeView.swift */; };
		9D8DD7B82D30623C00F4A123 /* OnboardingView.swift in Sources */ = {isa = PBXBuildFile; fileRef = 9D8DD7B72D30623800F4A123 /* OnboardingView.swift */; };
		9D8DD7BA2D3066D000F4A123 /* ColorSchemeManager.swift in Sources */ = {isa = PBXBuildFile; fileRef = 9D8DD7B92D3066CE00F4A123 /* ColorSchemeManager.swift */; };
		9D8DD7BC2D30675900F4A123 /* SettingsView.swift in Sources */ = {isa = PBXBuildFile; fileRef = 9D8DD7BB2D30675300F4A123 /* SettingsView.swift */; };
		9D8DD7BD2D30680000F4A123 /* ToneGenerator.swift in Sources */ = {isa = PBXBuildFile; fileRef = 9D8DD7BE2D30680000F4A123 /* ToneGenerator.swift */; };
		9D8DD7BF2D30680000F4A123 /* ToneGeneratorView.swift in Sources */ = {isa = PBXBuildFile; fileRef = 9D8DD7C02D30680000F4A123 /* ToneGeneratorView.swift */; };
/* End PBXBuildFile section */

/* Begin PBXContainerItemProxy section */
		9D8DD78C2D303ACB00F4A123 /* PBXContainerItemProxy */ = {
			isa = PBXContainerItemProxy;
			containerPortal = 9D8DD76F2D303AC900F4A123 /* Project object */;
			proxyType = 1;
			remoteGlobalIDString = 9D8DD7762D303AC900F4A123;
			remoteInfo = DigitalDrug;
		};
		9D8DD7962D303ACB00F4A123 /* PBXContainerItemProxy */ = {
			isa = PBXContainerItemProxy;
			containerPortal = 9D8DD76F2D303AC900F4A123 /* Project object */;
			proxyType = 1;
			remoteGlobalIDString = 9D8DD7762D303AC900F4A123;
			remoteInfo = DigitalDrug;
		};
/* End PBXContainerItemProxy section */

/* Begin PBXFileReference section */
		9D8DD7772D303AC900F4A123 /* DigitalDrug.app */ = {isa = PBXFileReference; explicitFileType = wrapper.application; includeInIndex = 0; path = DigitalDrug.app; sourceTree = BUILT_PRODUCTS_DIR; };
		9D8DD78B2D303ACB00F4A123 /* DigitalDrugTests.xctest */ = {isa = PBXFileReference; explicitFileType = wrapper.cfbundle; includeInIndex = 0; path = DigitalDrugTests.xctest; sourceTree = BUILT_PRODUCTS_DIR; };
		9D8DD7952D303ACB00F4A123 /* DigitalDrugUITests.xctest */ = {isa = PBXFileReference; explicitFileType = wrapper.cfbundle; includeInIndex = 0; path = DigitalDrugUITests.xctest; sourceTree = BUILT_PRODUCTS_DIR; };
		9D8DD7AA2D303B8F00F4A123 /* AudioManager.swift */ = {isa = PBXFileReference; lastKnownFileType = sourcecode.swift; path = AudioManager.swift; sourceTree = "<group>"; };
		9D8DD7AC2D303F9E00F4A123 /* SessionView.swift */ = {isa = PBXFileReference; lastKnownFileType = sourcecode.swift; path = SessionView.swift; sourceTree = "<group>"; };
		9D8DD7B02D305A2D00F4A123 /* hangover_cure.mp3 */ = {isa = PBXFileReference; lastKnownFileType = audio.mp3; path = hangover_cure.mp3; sourceTree = "<group>"; };
		9D8DD7B12D305A2D00F4A123 /* lucid_dream.mp3 */ = {isa = PBXFileReference; lastKnownFileType = audio.mp3; path = lucid_dream.mp3; sourceTree = "<group>"; };
		9D8DD7B42D30609500F4A123 /* HomeView.swift */ = {isa = PBXFileReference; lastKnownFileType = sourcecode.swift; path = HomeView.swift; sourceTree = "<group>"; };
		9D8DD7B72D30623800F4A123 /* OnboardingView.swift */ = {isa = PBXFileReference; lastKnownFileType = sourcecode.swift; path = OnboardingView.swift; sourceTree = "<group>"; };
		9D8DD7B92D3066CE00F4A123 /* ColorSchemeManager.swift */ = {isa = PBXFileReference; lastKnownFileType = sourcecode.swift; path = ColorSchemeManager.swift; sourceTree = "<group>"; };
		9D8DD7BB2D30675300F4A123 /* SettingsView.swift */ = {isa = PBXFileReference; lastKnownFileType = sourcecode.swift; path = SettingsView.swift; sourceTree = "<group>"; };
		9D8DD7BE2D30680000F4A123 /* ToneGenerator.swift */ = {isa = PBXFileReference; lastKnownFileType = sourcecode.swift; path = ToneGenerator.swift; sourceTree = "<group>"; };
		9D8DD7C02D30680000F4A123 /* ToneGeneratorView.swift */ = {isa = PBXFileReference; lastKnownFileType = sourcecode.swift; path = ToneGeneratorView.swift; sourceTree = "<group>"; };
/* End PBXFileReference section */

/* Begin PBXFileSystemSynchronizedBuildFileExceptionSet section */
		9D8DD79D2D303ACB00F4A123 /* Exceptions for "DigitalDrug" folder in "DigitalDrug" target */ = {
			isa = PBXFileSystemSynchronizedBuildFileExceptionSet;
			membershipExceptions = (
				Info.plist,
			);
			target = 9D8DD7762D303AC900F4A123 /* DigitalDrug */;
		};
/* End PBXFileSystemSynchronizedBuildFileExceptionSet section */

/* Begin PBXFileSystemSynchronizedRootGroup section */
		9D8DD7792D303AC900F4A123 /* DigitalDrug */ = {
			isa = PBXFileSystemSynchronizedRootGroup;
			exceptions = (
				9D8DD79D2D303ACB00F4A123 /* Exceptions for "DigitalDrug" folder in "DigitalDrug" target */,
			);
			path = DigitalDrug;
			sourceTree = "<group>";
		};
		9D8DD78E2D303ACB00F4A123 /* DigitalDrugTests */ = {
			isa = PBXFileSystemSynchronizedRootGroup;
			path = DigitalDrugTests;
			sourceTree = "<group>";
		};
		9D8DD7982D303ACB00F4A123 /* DigitalDrugUITests */ = {
			isa = PBXFileSystemSynchronizedRootGroup;
			path = DigitalDrugUITests;
			sourceTree = "<group>";
		};
/* End PBXFileSystemSynchronizedRootGroup section */

/* Begin PBXFrameworksBuildPhase section */
		9D8DD7742D303AC900F4A123 /* Frameworks */ = {
			isa = PBXFrameworksBuildPhase;
			buildActionMask = 2147483647;
			files = (
			);
			runOnlyForDeploymentPostprocessing = 0;
		};
		9D8DD7882D303ACB00F4A123 /* Frameworks */ = {
			isa = PBXFrameworksBuildPhase;
			buildActionMask = 2147483647;
			files = (
			);
			runOnlyForDeploymentPostprocessing = 0;
		};
		9D8DD7922D303ACB00F4A123 /* Frameworks */ = {
			isa = PBXFrameworksBuildPhase;
			buildActionMask = 2147483647;
			files = (
			);
			runOnlyForDeploymentPostprocessing = 0;
		};
/* End PBXFrameworksBuildPhase section */

/* Begin PBXGroup section */
		9D8DD76E2D303AC900F4A123 = {
			isa = PBXGroup;
			children = (
				9D8DD7AF2D3059F400F4A123 /* Audio */,
				9D8DD7AB2D303EEC00F4A123 /* Views */,
				9D8DD7A92D303B6200F4A123 /* Managers */,
				9D8DD7792D303AC900F4A123 /* DigitalDrug */,
				9D8DD78E2D303ACB00F4A123 /* DigitalDrugTests */,
				9D8DD7982D303ACB00F4A123 /* DigitalDrugUITests */,
				9D8DD7782D303AC900F4A123 /* Products */,
			);
			sourceTree = "<group>";
		};
		9D8DD7782D303AC900F4A123 /* Products */ = {
			isa = PBXGroup;
			children = (
				9D8DD7772D303AC900F4A123 /* DigitalDrug.app */,
				9D8DD78B2D303ACB00F4A123 /* DigitalDrugTests.xctest */,
				9D8DD7952D303ACB00F4A123 /* DigitalDrugUITests.xctest */,
			);
			name = Products;
			sourceTree = "<group>";
		};
		9D8DD7A92D303B6200F4A123 /* Managers */ = {
			isa = PBXGroup;
			children = (
				9D8DD7B92D3066CE00F4A123 /* ColorSchemeManager.swift */,
				9D8DD7AA2D303B8F00F4A123 /* AudioManager.swift */,
				9D8DD7BE2D30680000F4A123 /* ToneGenerator.swift */,
			);
			path = Managers;
			sourceTree = "<group>";
		};
		9D8DD7AB2D303EEC00F4A123 /* Views */ = {
			isa = PBXGroup;
			children = (
				9D8DD7BB2D30675300F4A123 /* SettingsView.swift */,
				9D8DD7B72D30623800F4A123 /* OnboardingView.swift */,
				9D8DD7B42D30609500F4A123 /* HomeView.swift */,
				9D8DD7AC2D303F9E00F4A123 /* SessionView.swift */,
				9D8DD7C02D30680000F4A123 /* ToneGeneratorView.swift */,
			);
			path = Views;
			sourceTree = "<group>";
		};
		9D8DD7AF2D3059F400F4A123 /* Audio */ = {
			isa = PBXGroup;
			children = (
				9D8DD7B02D305A2D00F4A123 /* hangover_cure.mp3 */,
				9D8DD7B12D305A2D00F4A123 /* lucid_dream.mp3 */,
			);
			path = Audio;
			sourceTree = "<group>";
		};
/* End PBXGroup section */

/* Begin PBXNativeTarget section */
		9D8DD7762D303AC900F4A123 /* DigitalDrug */ = {
			isa = PBXNativeTarget;
			buildConfigurationList = 9D8DD79E2D303ACB00F4A123 /* Build configuration list for PBXNativeTarget "DigitalDrug" */;
			buildPhases = (
				9D8DD7732D303AC900F4A123 /* Sources */,
				9D8DD7742D303AC900F4A123 /* Frameworks */,
				9D8DD7752D303AC900F4A123 /* Resources */,
			);
			buildRules = (
			);
			dependencies = (
			);
			fileSystemSynchronizedGroups = (
				9D8DD7792D303AC900F4A123 /* DigitalDrug */,
			);
			name = DigitalDrug;
			packageProductDependencies = (
			);
			productName = DigitalDrug;
			productReference = 9D8DD7772D303AC900F4A123 /* DigitalDrug.app */;
			productType = "com.apple.product-type.application";
		};
		9D8DD78A2D303ACB00F4A123 /* DigitalDrugTests */ = {
			isa = PBXNativeTarget;
			buildConfigurationList = 9D8DD7A32D303ACB00F4A123 /* Build configuration list for PBXNativeTarget "DigitalDrugTests" */;
			buildPhases = (
				9D8DD7872D303ACB00F4A123 /* Sources */,
				9D8DD7882D303ACB00F4A123 /* Frameworks */,
				9D8DD7892D303ACB00F4A123 /* Resources */,
			);
			buildRules = (
			);
			dependencies = (
				9D8DD78D2D303ACB00F4A123 /* PBXTargetDependency */,
			);
			fileSystemSynchronizedGroups = (
				9D8DD78E2D303ACB00F4A123 /* DigitalDrugTests */,
			);
			name = DigitalDrugTests;
			packageProductDependencies = (
			);
			productName = DigitalDrugTests;
			productReference = 9D8DD78B2D303ACB00F4A123 /* DigitalDrugTests.xctest */;
			productType = "com.apple.product-type.bundle.unit-test";
		};
		9D8DD7942D303ACB00F4A123 /* DigitalDrugUITests */ = {
			isa = PBXNativeTarget;
			buildConfigurationList = 9D8DD7A62D303ACB00F4A123 /* Build configuration list for PBXNativeTarget "DigitalDrugUITests" */;
			buildPhases = (
				9D8DD7912D303ACB00F4A123 /* Sources */,
				9D8DD7922D303ACB00F4A123 /* Frameworks */,
				9D8DD7932D303ACB00F4A123 /* Resources */,
			);
			buildRules = (
			);
			dependencies = (
				9D8DD7972D303ACB00F4A123 /* PBXTargetDependency */,
			);
			fileSystemSynchronizedGroups = (
				9D8DD7982D303ACB00F4A123 /* DigitalDrugUITests */,
			);
			name = DigitalDrugUITests;
			packageProductDependencies = (
			);
			productName = DigitalDrugUITests;
			productReference = 9D8DD7952D303ACB00F4A123 /* DigitalDrugUITests.xctest */;
			productType = "com.apple.product-type.bundle.ui-testing";
		};
/* End PBXNativeTarget section */

/* Begin PBXProject section */
		9D8DD76F2D303AC900F4A123 /* Project object */ = {
			isa = PBXProject;
			attributes = {
				BuildIndependentTargetsInParallel = 1;
				LastSwiftUpdateCheck = 1610;
				LastUpgradeCheck = 1610;
				TargetAttributes = {
					9D8DD7762D303AC900F4A123 = {
						CreatedOnToolsVersion = 16.1;
					};
					9D8DD78A2D303ACB00F4A123 = {
						CreatedOnToolsVersion = 16.1;
						TestTargetID = 9D8DD7762D303AC900F4A123;
					};
					9D8DD7942D303ACB00F4A123 = {
						CreatedOnToolsVersion = 16.1;
						TestTargetID = 9D8DD7762D303AC900F4A123;
					};
				};
			};
			buildConfigurationList = 9D8DD7722D303AC900F4A123 /* Build configuration list for PBXProject "DigitalDrug" */;
			developmentRegion = en;
			hasScannedForEncodings = 0;
			knownRegions = (
				en,
				Base,
			);
			mainGroup = 9D8DD76E2D303AC900F4A123;
			minimizedProjectReferenceProxies = 1;
			preferredProjectObjectVersion = 77;
			productRefGroup = 9D8DD7782D303AC900F4A123 /* Products */;
			projectDirPath = "";
			projectRoot = "";
			targets = (
				9D8DD7762D303AC900F4A123 /* DigitalDrug */,
				9D8DD78A2D303ACB00F4A123 /* DigitalDrugTests */,
				9D8DD7942D303ACB00F4A123 /* DigitalDrugUITests */,
			);
		};
/* End PBXProject section */

/* Begin PBXResourcesBuildPhase section */
		9D8DD7752D303AC900F4A123 /* Resources */ = {
			isa = PBXResourcesBuildPhase;
			buildActionMask = 2147483647;
			files = (
				9D8DD7B22D305A2D00F4A123 /* lucid_dream.mp3 in Resources */,
				9D8DD7B32D305A2D00F4A123 /* hangover_cure.mp3 in Resources */,
			);
			runOnlyForDeploymentPostprocessing = 0;
		};
		9D8DD7892D303ACB00F4A123 /* Resources */ = {
			isa = PBXResourcesBuildPhase;
			buildActionMask = 2147483647;
			files = (
			);
			runOnlyForDeploymentPostprocessing = 0;
		};
		9D8DD7932D303ACB00F4A123 /* Resources */ = {
			isa = PBXResourcesBuildPhase;
			buildActionMask = 2147483647;
			files = (
			);
			runOnlyForDeploymentPostprocessing = 0;
		};
/* End PBXResourcesBuildPhase section */

/* Begin PBXSourcesBuildPhase section */
		9D8DD7732D303AC900F4A123 /* Sources */ = {
			isa = PBXSourcesBuildPhase;
			buildActionMask = 2147483647;
			files = (
				9D8DD7AE2D30428D00F4A123 /* SessionView.swift in Sources */,
				9D8DD7BA2D3066D000F4A123 /* ColorSchemeManager.swift in Sources */,
				9D8DD7BC2D30675900F4A123 /* SettingsView.swift in Sources */,
				9D8DD7B52D30609B00F4A123 /* HomeView.swift in Sources */,
				9D8DD7AD2D30423200F4A123 /* AudioManager.swift in Sources */,
				9D8DD7B82D30623C00F4A123 /* OnboardingView.swift in Sources */,
				9D8DD7BD2D30680000F4A123 /* ToneGenerator.swift in Sources */,
				9D8DD7BF2D30680000F4A123 /* ToneGeneratorView.swift in Sources */,
			);
			runOnlyForDeploymentPostprocessing = 0;
		};
		9D8DD7872D303ACB00F4A123 /* Sources */ = {
			isa = PBXSourcesBuildPhase;
			buildActionMask = 2147483647;
			files = (
			);
			runOnlyForDeploymentPostprocessing = 0;
		};
		9D8DD7912D303ACB00F4A123 /* Sources */ = {
			isa = PBXSourcesBuildPhase;
			buildActionMask = 2147483647;
			files = (
			);
			runOnlyForDeploymentPostprocessing = 0;
		};
/* End PBXSourcesBuildPhase section */

/* Begin PBXTargetDependency section */
		9D8DD78D2D303ACB00F4A123 /* PBXTargetDependency */ = {
			isa = PBXTargetDependency;
			target = 9D8DD7762D303AC900F4A123 /* DigitalDrug */;
			targetProxy = 9D8DD78C2D303ACB00F4A123 /* PBXContainerItemProxy */;
		};
		9D8DD7972D303ACB00F4A123 /* PBXTargetDependency */ = {
			isa = PBXTargetDependency;
			target = 9D8DD7762D303AC900F4A123 /* DigitalDrug */;
			targetProxy = 9D8DD7962D303ACB00F4A123 /* PBXContainerItemProxy */;
		};
/* End PBXTargetDependency section */

/* Begin XCBuildConfiguration section */
		9D8DD79F2D303ACB00F4A123 /* Debug */ = {
			isa = XCBuildConfiguration;
			buildSettings = {
				ASSETCATALOG_COMPILER_APPICON_NAME = AppIcon;
				ASSETCATALOG_COMPILER_GLOBAL_ACCENT_COLOR_NAME = AccentColor;
				CODE_SIGN_ENTITLEMENTS = DigitalDrug/DigitalDrug.entitlements;
				CODE_SIGN_STYLE = Automatic;
				CURRENT_PROJECT_VERSION = 1;
				DEVELOPMENT_ASSET_PATHS = "\"DigitalDrug/Preview Content\"";
				DEVELOPMENT_TEAM = 67AR6NPQWB;
				ENABLE_PREVIEWS = YES;
				GENERATE_INFOPLIST_FILE = YES;
				INFOPLIST_FILE = DigitalDrug/Info.plist;
				INFOPLIST_KEY_UIApplicationSceneManifest_Generation = YES;
				INFOPLIST_KEY_UIApplicationSupportsIndirectInputEvents = YES;
				INFOPLIST_KEY_UILaunchScreen_Generation = YES;
				INFOPLIST_KEY_UISupportedInterfaceOrientations_iPad = "UIInterfaceOrientationPortrait UIInterfaceOrientationPortraitUpsideDown UIInterfaceOrientationLandscapeLeft UIInterfaceOrientationLandscapeRight";
				INFOPLIST_KEY_UISupportedInterfaceOrientations_iPhone = "UIInterfaceOrientationPortrait UIInterfaceOrientationLandscapeLeft UIInterfaceOrientationLandscapeRight";
				LD_RUNPATH_SEARCH_PATHS = (
					"$(inherited)",
					"@executable_path/Frameworks",
				);
				MARKETING_VERSION = 1.0;
				PRODUCT_BUNDLE_IDENTIFIER = com.hyperlabsAI.DigitalDrug;
				PRODUCT_NAME = "$(TARGET_NAME)";
				SWIFT_EMIT_LOC_STRINGS = YES;
				SWIFT_VERSION = 5.0;
				TARGETED_DEVICE_FAMILY = "1,2";
			};
			name = Debug;
		};
		9D8DD7A02D303ACB00F4A123 /* Release */ = {
			isa = XCBuildConfiguration;
			buildSettings = {
				ASSETCATALOG_COMPILER_APPICON_NAME = AppIcon;
				ASSETCATALOG_COMPILER_GLOBAL_ACCENT_COLOR_NAME = AccentColor;
				CODE_SIGN_ENTITLEMENTS = DigitalDrug/DigitalDrug.entitlements;
				CODE_SIGN_STYLE = Automatic;
				CURRENT_PROJECT_VERSION = 1;
				DEVELOPMENT_ASSET_PATHS = "\"DigitalDrug/Preview Content\"";
				DEVELOPMENT_TEAM = 67AR6NPQWB;
				ENABLE_PREVIEWS = YES;
				GENERATE_INFOPLIST_FILE = YES;
				INFOPLIST_FILE = DigitalDrug/Info.plist;
				INFOPLIST_KEY_UIApplicationSceneManifest_Generation = YES;
				INFOPLIST_KEY_UIApplicationSupportsIndirectInputEvents = YES;
				INFOPLIST_KEY_UILaunchScreen_Generation = YES;
				INFOPLIST_KEY_UISupportedInterfaceOrientations_iPad = "UIInterfaceOrientationPortrait UIInterfaceOrientationPortraitUpsideDown UIInterfaceOrientationLandscapeLeft UIInterfaceOrientationLandscapeRight";
				INFOPLIST_KEY_UISupportedInterfaceOrientations_iPhone = "UIInterfaceOrientationPortrait UIInterfaceOrientationLandscapeLeft UIInterfaceOrientationLandscapeRight";
				LD_RUNPATH_SEARCH_PATHS = (
					"$(inherited)",
					"@executable_path/Frameworks",
				);
				MARKETING_VERSION = 1.0;
				PRODUCT_BUNDLE_IDENTIFIER = com.hyperlabsAI.DigitalDrug;
				PRODUCT_NAME = "$(TARGET_NAME)";
				SWIFT_EMIT_LOC_STRINGS = YES;
				SWIFT_VERSION = 5.0;
				TARGETED_DEVICE_FAMILY = "1,2";
			};
			name = Release;
		};
		9D8DD7A12D303ACB00F4A123 /* Debug */ = {
			isa = XCBuildConfiguration;
			buildSettings = {
				ALWAYS_SEARCH_USER_PATHS = NO;
				ASSETCATALOG_COMPILER_GENERATE_SWIFT_ASSET_SYMBOL_EXTENSIONS = YES;
				CLANG_ANALYZER_NONNULL = YES;
				CLANG_ANALYZER_NUMBER_OBJECT_CONVERSION = YES_AGGRESSIVE;
				CLANG_CXX_LANGUAGE_STANDARD = "gnu++20";
				CLANG_ENABLE_MODULES = YES;
				CLANG_ENABLE_OBJC_ARC = YES;
				CLANG_ENABLE_OBJC_WEAK = YES;
				CLANG_WARN_BLOCK_CAPTURE_AUTORELEASING = YES;
				CLANG_WARN_BOOL_CONVERSION = YES;
				CLANG_WARN_COMMA = YES;
				CLANG_WARN_CONSTANT_CONVERSION = YES;
				CLANG_WARN_DEPRECATED_OBJC_IMPLEMENTATIONS = YES;
				CLANG_WARN_DIRECT_OBJC_ISA_USAGE = YES_ERROR;
				CLANG_WARN_DOCUMENTATION_COMMENTS = YES;
				CLANG_WARN_EMPTY_BODY = YES;
				CLANG_WARN_ENUM_CONVERSION = YES;
				CLANG_WARN_INFINITE_RECURSION = YES;
				CLANG_WARN_INT_CONVERSION = YES;
				CLANG_WARN_NON_LITERAL_NULL_CONVERSION = YES;
				CLANG_WARN_OBJC_IMPLICIT_RETAIN_SELF = YES;
				CLANG_WARN_OBJC_LITERAL_CONVERSION = YES;
				CLANG_WARN_OBJC_ROOT_CLASS = YES_ERROR;
				CLANG_WARN_QUOTED_INCLUDE_IN_FRAMEWORK_HEADER = YES;
				CLANG_WARN_RANGE_LOOP_ANALYSIS = YES;
				CLANG_WARN_STRICT_PROTOTYPES = YES;
				CLANG_WARN_SUSPICIOUS_MOVE = YES;
				CLANG_WARN_UNGUARDED_AVAILABILITY = YES_AGGRESSIVE;
				CLANG_WARN_UNREACHABLE_CODE = YES;
				CLANG_WARN__DUPLICATE_METHOD_MATCH = YES;
				COPY_PHASE_STRIP = NO;
				DEBUG_INFORMATION_FORMAT = dwarf;
				ENABLE_STRICT_OBJC_MSGSEND = YES;
				ENABLE_TESTABILITY = YES;
				ENABLE_USER_SCRIPT_SANDBOXING = YES;
				GCC_C_LANGUAGE_STANDARD = gnu17;
				GCC_DYNAMIC_NO_PIC = NO;
				GCC_NO_COMMON_BLOCKS = YES;
				GCC_OPTIMIZATION_LEVEL = 0;
				GCC_PREPROCESSOR_DEFINITIONS = (
					"DEBUG=1",
					"$(inherited)",
				);
				GCC_WARN_64_TO_32_BIT_CONVERSION = YES;
				GCC_WARN_ABOUT_RETURN_TYPE = YES_ERROR;
				GCC_WARN_UNDECLARED_SELECTOR = YES;
				GCC_WARN_UNINITIALIZED_AUTOS = YES_AGGRESSIVE;
				GCC_WARN_UNUSED_FUNCTION = YES;
				GCC_WARN_UNUSED_VARIABLE = YES;
				IPHONEOS_DEPLOYMENT_TARGET = 18.1;
				LOCALIZATION_PREFERS_STRING_CATALOGS = YES;
				MTL_ENABLE_DEBUG_INFO = INCLUDE_SOURCE;
				MTL_FAST_MATH = YES;
				ONLY_ACTIVE_ARCH = YES;
				SDKROOT = iphoneos;
				SWIFT_ACTIVE_COMPILATION_CONDITIONS = "DEBUG $(inherited)";
				SWIFT_OPTIMIZATION_LEVEL = "-Onone";
			};
			name = Debug;
		};
		9D8DD7A22D303ACB00F4A123 /* Release */ = {
			isa = XCBuildConfiguration;
			buildSettings = {
				ALWAYS_SEARCH_USER_PATHS = NO;
				ASSETCATALOG_COMPILER_GENERATE_SWIFT_ASSET_SYMBOL_EXTENSIONS = YES;
				CLANG_ANALYZER_NONNULL = YES;
				CLANG_ANALYZER_NUMBER_OBJECT_CONVERSION = YES_AGGRESSIVE;
				CLANG_CXX_LANGUAGE_STANDARD = "gnu++20";
				CLANG_ENABLE_MODULES = YES;
				CLANG_ENABLE_OBJC_ARC = YES;
				CLANG_ENABLE_OBJC_WEAK = YES;
				CLANG_WARN_BLOCK_CAPTURE_AUTORELEASING = YES;
				CLANG_WARN_BOOL_CONVERSION = YES;
				CLANG_WARN_COMMA = YES;
				CLANG_WARN_CONSTANT_CONVERSION = YES;
				CLANG_WARN_DEPRECATED_OBJC_IMPLEMENTATIONS = YES;
				CLANG_WARN_DIRECT_OBJC_ISA_USAGE = YES_ERROR;
				CLANG_WARN_DOCUMENTATION_COMMENTS = YES;
				CLANG_WARN_EMPTY_BODY = YES;
				CLANG_WARN_ENUM_CONVERSION = YES;
				CLANG_WARN_INFINITE_RECURSION = YES;
				CLANG_WARN_INT_CONVERSION = YES;
				CLANG_WARN_NON_LITERAL_NULL_CONVERSION = YES;
				CLANG_WARN_OBJC_IMPLICIT_RETAIN_SELF = YES;
				CLANG_WARN_OBJC_LITERAL_CONVERSION = YES;
				CLANG_WARN_OBJC_ROOT_CLASS = YES_ERROR;
				CLANG_WARN_QUOTED_INCLUDE_IN_FRAMEWORK_HEADER = YES;
				CLANG_WARN_RANGE_LOOP_ANALYSIS = YES;
				CLANG_WARN_STRICT_PROTOTYPES = YES;
				CLANG_WARN_SUSPICIOUS_MOVE = YES;
				CLANG_WARN_UNGUARDED_AVAILABILITY = YES_AGGRESSIVE;
				CLANG_WARN_UNREACHABLE_CODE = YES;
				CLANG_WARN__DUPLICATE_METHOD_MATCH = YES;
				COPY_PHASE_STRIP = NO;
				DEBUG_INFORMATION_FORMAT = "dwarf-with-dsym";
				ENABLE_NS_ASSERTIONS = NO;
				ENABLE_STRICT_OBJC_MSGSEND = YES;
				ENABLE_USER_SCRIPT_SANDBOXING = YES;
				GCC_C_LANGUAGE_STANDARD = gnu17;
				GCC_NO_COMMON_BLOCKS = YES;
				GCC_WARN_64_TO_32_BIT_CONVERSION = YES;
				GCC_WARN_ABOUT_RETURN_TYPE = YES_ERROR;
				GCC_WARN_UNDECLARED_SELECTOR = YES;
				GCC_WARN_UNINITIALIZED_AUTOS = YES_AGGRESSIVE;
				GCC_WARN_UNUSED_FUNCTION = YES;
				GCC_WARN_UNUSED_VARIABLE = YES;
				IPHONEOS_DEPLOYMENT_TARGET = 18.1;
				LOCALIZATION_PREFERS_STRING_CATALOGS = YES;
				MTL_ENABLE_DEBUG_INFO = NO;
				MTL_FAST_MATH = YES;
				SDKROOT = iphoneos;
				SWIFT_COMPILATION_MODE = wholemodule;
				VALIDATE_PRODUCT = YES;
			};
			name = Release;
		};
		9D8DD7A42D303ACB00F4A123 /* Debug */ = {
			isa = XCBuildConfiguration;
			buildSettings = {
				BUNDLE_LOADER = "$(TEST_HOST)";
				CODE_SIGN_STYLE = Automatic;
				CURRENT_PROJECT_VERSION = 1;
				DEVELOPMENT_TEAM = 67AR6NPQWB;
				GENERATE_INFOPLIST_FILE = YES;
				IPHONEOS_DEPLOYMENT_TARGET = 18.1;
				MARKETING_VERSION = 1.0;
				PRODUCT_BUNDLE_IDENTIFIER = com.hyperlabsAI.DigitalDrugTests;
				PRODUCT_NAME = "$(TARGET_NAME)";
				SWIFT_EMIT_LOC_STRINGS = NO;
				SWIFT_VERSION = 5.0;
				TARGETED_DEVICE_FAMILY = "1,2";
				TEST_HOST = "$(BUILT_PRODUCTS_DIR)/DigitalDrug.app/$(BUNDLE_EXECUTABLE_FOLDER_PATH)/DigitalDrug";
			};
			name = Debug;
		};
		9D8DD7A52D303ACB00F4A123 /* Release */ = {
			isa = XCBuildConfiguration;
			buildSettings = {
				BUNDLE_LOADER = "$(TEST_HOST)";
				CODE_SIGN_STYLE = Automatic;
				CURRENT_PROJECT_VERSION = 1;
				DEVELOPMENT_TEAM = 67AR6NPQWB;
				GENERATE_INFOPLIST_FILE = YES;
				IPHONEOS_DEPLOYMENT_TARGET = 18.1;
				MARKETING_VERSION = 1.0;
				PRODUCT_BUNDLE_IDENTIFIER = com.hyperlabsAI.DigitalDrugTests;
				PRODUCT_NAME = "$(TARGET_NAME)";
				SWIFT_EMIT_LOC_STRINGS = NO;
				SWIFT_VERSION = 5.0;
				TARGETED_DEVICE_FAMILY = "1,2";
				TEST_HOST = "$(BUILT_PRODUCTS_DIR)/DigitalDrug.app/$(BUNDLE_EXECUTABLE_FOLDER_PATH)/DigitalDrug";
			};
			name = Release;
		};
		9D8DD7A72D303ACB00F4A123 /* Debug */ = {
			isa = XCBuildConfiguration;
			buildSettings = {
				CODE_SIGN_STYLE = Automatic;
				CURRENT_PROJECT_VERSION = 1;
				DEVELOPMENT_TEAM = 67AR6NPQWB;
				GENERATE_INFOPLIST_FILE = YES;
				MARKETING_VERSION = 1.0;
				PRODUCT_BUNDLE_IDENTIFIER = com.hyperlabsAI.DigitalDrugUITests;
				PRODUCT_NAME = "$(TARGET_NAME)";
				SWIFT_EMIT_LOC_STRINGS = NO;
				SWIFT_VERSION = 5.0;
				TARGETED_DEVICE_FAMILY = "1,2";
				TEST_TARGET_NAME = DigitalDrug;
			};
			name = Debug;
		};
		9D8DD7A82D303ACB00F4A123 /* Release */ = {
			isa = XCBuildConfiguration;
			buildSettings = {
				CODE_SIGN_STYLE = Automatic;
				CURRENT_PROJECT_VERSION = 1;
				DEVELOPMENT_TEAM = 67AR6NPQWB;
				GENERATE_INFOPLIST_FILE = YES;
				MARKETING_VERSION = 1.0;
				PRODUCT_BUNDLE_IDENTIFIER = com.hyperlabsAI.DigitalDrugUITests;
				PRODUCT_NAME = "$(TARGET_NAME)";
				SWIFT_EMIT_LOC_STRINGS = NO;
				SWIFT_VERSION = 5.0;
				TARGETED_DEVICE_FAMILY = "1,2";
				TEST_TARGET_NAME = DigitalDrug;
			};
			name = Release;
		};
/* End XCBuildConfiguration section */

/* Begin XCConfigurationList section */
		9D8DD7722D303AC900F4A123 /* Build configuration list for PBXProject "DigitalDrug" */ = {
			isa = XCConfigurationList;
			buildConfigurations = (
				9D8DD7A12D303ACB00F4A123 /* Debug */,
				9D8DD7A22D303ACB00F4A123 /* Release */,
			);
			defaultConfigurationIsVisible = 0;
			defaultConfigurationName = Release;
		};
		9D8DD79E2D303ACB00F4A123 /* Build configuration list for PBXNativeTarget "DigitalDrug" */ = {
			isa = XCConfigurationList;
			buildConfigurations = (
				9D8DD79F2D303ACB00F4A123 /* Debug */,
				9D8DD7A02D303ACB00F4A123 /* Release */,
			);
			defaultConfigurationIsVisible = 0;
			defaultConfigurationName = Release;
		};
		9D8DD7A32D303ACB00F4A123 /* Build configuration list for PBXNativeTarget "DigitalDrugTests" */ = {
			isa = XCConfigurationList;
			buildConfigurations = (
				9D8DD7A42D303ACB00F4A123 /* Debug */,
				9D8DD7A52D303ACB00F4A123 /* Release */,
			);
			defaultConfigurationIsVisible = 0;
			defaultConfigurationName = Release;
		};
		9D8DD7A62D303ACB00F4A123 /* Build configuration list for PBXNativeTarget "DigitalDrugUITests" */ = {
			isa = XCConfigurationList;
			buildConfigurations = (
				9D8DD7A72D303ACB00F4A123 /* Debug */,
				9D8DD7A82D303ACB00F4A123 /* Release */,
			);
			defaultConfigurationIsVisible = 0;
			defaultConfigurationName = Release;
		};
/* End XCConfigurationList section */
	};
	rootObject = 9D8DD76F2D303AC900F4A123 /* Project object */;
}
